// !$*UTF8*$!
{
	archiveVersion = 1;
	classes = {
	};
	objectVersion = 50;
	objects = {

/* Begin PBXBuildFile section */
		603F1575220DF40700452948 /* AppDelegate.swift in Sources */ = {isa = PBXBuildFile; fileRef = 603F1574220DF40700452948 /* AppDelegate.swift */; };
		603F1577220DF40700452948 /* ViewController.swift in Sources */ = {isa = PBXBuildFile; fileRef = 603F1576220DF40700452948 /* ViewController.swift */; };
		603F157A220DF40700452948 /* Main.storyboard in Resources */ = {isa = PBXBuildFile; fileRef = 603F1578220DF40700452948 /* Main.storyboard */; };
		603F157D220DF40700452948 /* TrafficSegues.xcdatamodeld in Sources */ = {isa = PBXBuildFile; fileRef = 603F157B220DF40700452948 /* TrafficSegues.xcdatamodeld */; };
		603F157F220DF40B00452948 /* Assets.xcassets in Resources */ = {isa = PBXBuildFile; fileRef = 603F157E220DF40B00452948 /* Assets.xcassets */; };
		603F1582220DF40B00452948 /* LaunchScreen.storyboard in Resources */ = {isa = PBXBuildFile; fileRef = 603F1580220DF40B00452948 /* LaunchScreen.storyboard */; };
/* End PBXBuildFile section */

/* Begin PBXFileReference section */
		603F1571220DF40700452948 /* TrafficSegues.app */ = {isa = PBXFileReference; explicitFileType = wrapper.application; includeInIndex = 0; path = TrafficSegues.app; sourceTree = BUILT_PRODUCTS_DIR; };
		603F1574220DF40700452948 /* AppDelegate.swift */ = {isa = PBXFileReference; lastKnownFileType = sourcecode.swift; path = AppDelegate.swift; sourceTree = "<group>"; };
		603F1576220DF40700452948 /* ViewController.swift */ = {isa = PBXFileReference; lastKnownFileType = sourcecode.swift; path = ViewController.swift; sourceTree = "<group>"; };
		603F1579220DF40700452948 /* Base */ = {isa = PBXFileReference; lastKnownFileType = file.storyboard; name = Base; path = Base.lproj/Main.storyboard; sourceTree = "<group>"; };
		603F157C220DF40700452948 /* TrafficSegues.xcdatamodel */ = {isa = PBXFileReference; lastKnownFileType = wrapper.xcdatamodel; path = TrafficSegues.xcdatamodel; sourceTree = "<group>"; };
		603F157E220DF40B00452948 /* Assets.xcassets */ = {isa = PBXFileReference; lastKnownFileType = folder.assetcatalog; path = Assets.xcassets; sourceTree = "<group>"; };
		603F1581220DF40B00452948 /* Base */ = {isa = PBXFileReference; lastKnownFileType = file.storyboard; name = Base; path = Base.lproj/LaunchScreen.storyboard; sourceTree = "<group>"; };
		603F1583220DF40B00452948 /* Info.plist */ = {isa = PBXFileReference; lastKnownFileType = text.plist.xml; path = Info.plist; sourceTree = "<group>"; };
/* End PBXFileReference section */

/* Begin PBXFrameworksBuildPhase section */
		603F156E220DF40700452948 /* Frameworks */ = {
			isa = PBXFrameworksBuildPhase;
			buildActionMask = 2147483647;
			files = (
			);
			runOnlyForDeploymentPostprocessing = 0;
		};
/* End PBXFrameworksBuildPhase section */

/* Begin PBXGroup section */
		603F1568220DF40700452948 = {
			isa = PBXGroup;
			children = (
				603F1573220DF40700452948 /* TrafficSegues */,
				603F1572220DF40700452948 /* Products */,
			);
			sourceTree = "<group>";
		};
		603F1572220DF40700452948 /* Products */ = {
			isa = PBXGroup;
			children = (
				603F1571220DF40700452948 /* TrafficSegues.app */,
			);
			name = Products;
			sourceTree = "<group>";
		};
		603F1573220DF40700452948 /* TrafficSegues */ = {
			isa = PBXGroup;
			children = (
				603F1574220DF40700452948 /* AppDelegate.swift */,
				603F1576220DF40700452948 /* ViewController.swift */,
				603F1578220DF40700452948 /* Main.storyboard */,
				603F157E220DF40B00452948 /* Assets.xcassets */,
				603F1580220DF40B00452948 /* LaunchScreen.storyboard */,
				603F1583220DF40B00452948 /* Info.plist */,
				603F157B220DF40700452948 /* TrafficSegues.xcdatamodeld */,
			);
			path = TrafficSegues;
			sourceTree = "<group>";
		};
/* End PBXGroup section */

/* Begin PBXNativeTarget section */
		603F1570220DF40700452948 /* TrafficSegues */ = {
			isa = PBXNativeTarget;
			buildConfigurationList = 603F1586220DF40B00452948 /* Build configuration list for PBXNativeTarget "TrafficSegues" */;
			buildPhases = (
				603F156D220DF40700452948 /* Sources */,
				603F156E220DF40700452948 /* Frameworks */,
				603F156F220DF40700452948 /* Resources */,
			);
			buildRules = (
			);
			dependencies = (
			);
			name = TrafficSegues;
			productName = TrafficSegues;
			productReference = 603F1571220DF40700452948 /* TrafficSegues.app */;
			productType = "com.apple.product-type.application";
		};
/* End PBXNativeTarget section */

/* Begin PBXProject section */
		603F1569220DF40700452948 /* Project object */ = {
			isa = PBXProject;
			attributes = {
				LastSwiftUpdateCheck = 1010;
				LastUpgradeCheck = 1010;
				ORGANIZATIONNAME = "Tarang Srivastava";
				TargetAttributes = {
					603F1570220DF40700452948 = {
						CreatedOnToolsVersion = 10.1;
					};
				};
			};
			buildConfigurationList = 603F156C220DF40700452948 /* Build configuration list for PBXProject "TrafficSegues" */;
			compatibilityVersion = "Xcode 9.3";
			developmentRegion = en;
			hasScannedForEncodings = 0;
			knownRegions = (
				en,
				Base,
			);
			mainGroup = 603F1568220DF40700452948;
			productRefGroup = 603F1572220DF40700452948 /* Products */;
			projectDirPath = "";
			projectRoot = "";
			targets = (
				603F1570220DF40700452948 /* TrafficSegues */,
			);
		};
/* End PBXProject section */

/* Begin PBXResourcesBuildPhase section */
		603F156F220DF40700452948 /* Resources */ = {
			isa = PBXResourcesBuildPhase;
			buildActionMask = 2147483647;
			files = (
				603F1582220DF40B00452948 /* LaunchScreen.storyboard in Resources */,
				603F157F220DF40B00452948 /* Assets.xcassets in Resources */,
				603F157A220DF40700452948 /* Main.storyboard in Resources */,
			);
			runOnlyForDeploymentPostprocessing = 0;
		};
/* End PBXResourcesBuildPhase section */

/* Begin PBXSourcesBuildPhase section */
		603F156D220DF40700452948 /* Sources */ = {
			isa = PBXSourcesBuildPhase;
			buildActionMask = 2147483647;
			files = (
				603F157D220DF40700452948 /* TrafficSegues.xcdatamodeld in Sources */,
				603F1577220DF40700452948 /* ViewController.swift in Sources */,
				603F1575220DF40700452948 /* AppDelegate.swift in Sources */,
			);
			runOnlyForDeploymentPostprocessing = 0;
		};
/* End PBXSourcesBuildPhase section */

/* Begin PBXVariantGroup section */
		603F1578220DF40700452948 /* Main.storyboard */ = {
			isa = PBXVariantGroup;
			children = (
				603F1579220DF40700452948 /* Base */,
			);
			name = Main.storyboard;
			sourceTree = "<group>";
		};
		603F1580220DF40B00452948 /* LaunchScreen.storyboard */ = {
			isa = PBXVariantGroup;
			children = (
				603F1581220DF40B00452948 /* Base */,
			);
			name = LaunchScreen.storyboard;
			sourceTree = "<group>";
		};
/* End PBXVariantGroup section */

/* Begin XCBuildConfiguration section */
		603F1584220DF40B00452948 /* Debug */ = {
			isa = XCBuildConfiguration;
			buildSettings = {
				ALWAYS_SEARCH_USER_PATHS = NO;
				CLANG_ANALYZER_NONNULL = YES;
				CLANG_ANALYZER_NUMBER_OBJECT_CONVERSION = YES_AGGRESSIVE;
				CLANG_CXX_LANGUAGE_STANDARD = "gnu++14";
				CLANG_CXX_LIBRARY = "libc++";
				CLANG_ENABLE_MODULES = YES;
				CLANG_ENABLE_OBJC_ARC = YES;
				CLANG_ENABLE_OBJC_WEAK = YES;
				CLANG_WARN_BLOCK_CAPTURE_AUTORELEASING = YES;
				CLANG_WARN_BOOL_CONVERSION = YES;
				CLANG_WARN_COMMA = YES;
				CLANG_WARN_CONSTANT_CONVERSION = YES;
				CLANG_WARN_DEPRECATED_OBJC_IMPLEMENTATIONS = YES;
				CLANG_WARN_DIRECT_OBJC_ISA_USAGE = YES_ERROR;
				CLANG_WARN_DOCUMENTATION_COMMENTS = YES;
				CLANG_WARN_EMPTY_BODY = YES;
				CLANG_WARN_ENUM_CONVERSION = YES;
				CLANG_WARN_INFINITE_RECURSION = YES;
				CLANG_WARN_INT_CONVERSION = YES;
				CLANG_WARN_NON_LITERAL_NULL_CONVERSION = YES;
				CLANG_WARN_OBJC_IMPLICIT_RETAIN_SELF = YES;
				CLANG_WARN_OBJC_LITERAL_CONVERSION = YES;
				CLANG_WARN_OBJC_ROOT_CLASS = YES_ERROR;
				CLANG_WARN_RANGE_LOOP_ANALYSIS = YES;
				CLANG_WARN_STRICT_PROTOTYPES = YES;
				CLANG_WARN_SUSPICIOUS_MOVE = YES;
				CLANG_WARN_UNGUARDED_AVAILABILITY = YES_AGGRESSIVE;
				CLANG_WARN_UNREACHABLE_CODE = YES;
				CLANG_WARN__DUPLICATE_METHOD_MATCH = YES;
				CODE_SIGN_IDENTITY = "iPhone Developer";
				COPY_PHASE_STRIP = NO;
				DEBUG_INFORMATION_FORMAT = dwarf;
				ENABLE_STRICT_OBJC_MSGSEND = YES;
				ENABLE_TESTABILITY = YES;
				GCC_C_LANGUAGE_STANDARD = gnu11;
				GCC_DYNAMIC_NO_PIC = NO;
				GCC_NO_COMMON_BLOCKS = YES;
				GCC_OPTIMIZATION_LEVEL = 0;
				GCC_PREPROCESSOR_DEFINITIONS = (
					"DEBUG=1",
					"$(inherited)",
				);
				GCC_WARN_64_TO_32_BIT_CONVERSION = YES;
				GCC_WARN_ABOUT_RETURN_TYPE = YES_ERROR;
				GCC_WARN_UNDECLARED_SELECTOR = YES;
				GCC_WARN_UNINITIALIZED_AUTOS = YES_AGGRESSIVE;
				GCC_WARN_UNUSED_FUNCTION = YES;
				GCC_WARN_UNUSED_VARIABLE = YES;
				IPHONEOS_DEPLOYMENT_TARGET = 12.1;
				MTL_ENABLE_DEBUG_INFO = INCLUDE_SOURCE;
				MTL_FAST_MATH = YES;
				ONLY_ACTIVE_ARCH = YES;
				SDKROOT = iphoneos;
				SWIFT_ACTIVE_COMPILATION_CONDITIONS = DEBUG;
				SWIFT_OPTIMIZATION_LEVEL = "-Onone";
			};
			name = Debug;
		};
		603F1585220DF40B00452948 /* Release */ = {
			isa = XCBuildConfiguration;
			buildSettings = {
				ALWAYS_SEARCH_USER_PATHS = NO;
				CLANG_ANALYZER_NONNULL = YES;
				CLANG_ANALYZER_NUMBER_OBJECT_CONVERSION = YES_AGGRESSIVE;
				CLANG_CXX_LANGUAGE_STANDARD = "gnu++14";
				CLANG_CXX_LIBRARY = "libc++";
				CLANG_ENABLE_MODULES = YES;
				CLANG_ENABLE_OBJC_ARC = YES;
				CLANG_ENABLE_OBJC_WEAK = YES;
				CLANG_WARN_BLOCK_CAPTURE_AUTORELEASING = YES;
				CLANG_WARN_BOOL_CONVERSION = YES;
				CLANG_WARN_COMMA = YES;
				CLANG_WARN_CONSTANT_CONVERSION = YES;
				CLANG_WARN_DEPRECATED_OBJC_IMPLEMENTATIONS = YES;
				CLANG_WARN_DIRECT_OBJC_ISA_USAGE = YES_ERROR;
				CLANG_WARN_DOCUMENTATION_COMMENTS = YES;
				CLANG_WARN_EMPTY_BODY = YES;
				CLANG_WARN_ENUM_CONVERSION = YES;
				CLANG_WARN_INFINITE_RECURSION = YES;
				CLANG_WARN_INT_CONVERSION = YES;
				CLANG_WARN_NON_LITERAL_NULL_CONVERSION = YES;
				CLANG_WARN_OBJC_IMPLICIT_RETAIN_SELF = YES;
				CLANG_WARN_OBJC_LITERAL_CONVERSION = YES;
				CLANG_WARN_OBJC_ROOT_CLASS = YES_ERROR;
				CLANG_WARN_RANGE_LOOP_ANALYSIS = YES;
				CLANG_WARN_STRICT_PROTOTYPES = YES;
				CLANG_WARN_SUSPICIOUS_MOVE = YES;
				CLANG_WARN_UNGUARDED_AVAILABILITY = YES_AGGRESSIVE;
				CLANG_WARN_UNREACHABLE_CODE = YES;
				CLANG_WARN__DUPLICATE_METHOD_MATCH = YES;
				CODE_SIGN_IDENTITY = "iPhone Developer";
				COPY_PHASE_STRIP = NO;
				DEBUG_INFORMATION_FORMAT = "dwarf-with-dsym";
				ENABLE_NS_ASSERTIONS = NO;
				ENABLE_STRICT_OBJC_MSGSEND = YES;
				GCC_C_LANGUAGE_STANDARD = gnu11;
				GCC_NO_COMMON_BLOCKS = YES;
				GCC_WARN_64_TO_32_BIT_CONVERSION = YES;
				GCC_WARN_ABOUT_RETURN_TYPE = YES_ERROR;
				GCC_WARN_UNDECLARED_SELECTOR = YES;
				GCC_WARN_UNINITIALIZED_AUTOS = YES_AGGRESSIVE;
				GCC_WARN_UNUSED_FUNCTION = YES;
				GCC_WARN_UNUSED_VARIABLE = YES;
				IPHONEOS_DEPLOYMENT_TARGET = 12.1;
				MTL_ENABLE_DEBUG_INFO = NO;
				MTL_FAST_MATH = YES;
				SDKROOT = iphoneos;
				SWIFT_COMPILATION_MODE = wholemodule;
				SWIFT_OPTIMIZATION_LEVEL = "-O";
				VALIDATE_PRODUCT = YES;
			};
			name = Release;
		};
		603F1587220DF40B00452948 /* Debug */ = {
			isa = XCBuildConfiguration;
			buildSettings = {
				ASSETCATALOG_COMPILER_APPICON_NAME = AppIcon;
				CODE_SIGN_STYLE = Automatic;
				DEVELOPMENT_TEAM = P7Q9H673YK;
				INFOPLIST_FILE = TrafficSegues/Info.plist;
				LD_RUNPATH_SEARCH_PATHS = (
					"$(inherited)",
					"@executable_path/Frameworks",
				);
				PRODUCT_BUNDLE_IDENTIFIER = sbhs.ios.tarang.TrafficSegues;
				PRODUCT_NAME = "$(TARGET_NAME)";
				SWIFT_VERSION = 4.2;
				TARGETED_DEVICE_FAMILY = "1,2";
			};
			name = Debug;
		};
		603F1588220DF40B00452948 /* Release */ = {
			isa = XCBuildConfiguration;
			buildSettings = {
				ASSETCATALOG_COMPILER_APPICON_NAME = AppIcon;
				CODE_SIGN_STYLE = Automatic;
				DEVELOPMENT_TEAM = P7Q9H673YK;
				INFOPLIST_FILE = TrafficSegues/Info.plist;
				LD_RUNPATH_SEARCH_PATHS = (
					"$(inherited)",
					"@executable_path/Frameworks",
				);
				PRODUCT_BUNDLE_IDENTIFIER = sbhs.ios.tarang.TrafficSegues;
				PRODUCT_NAME = "$(TARGET_NAME)";
				SWIFT_VERSION = 4.2;
				TARGETED_DEVICE_FAMILY = "1,2";
			};
			name = Release;
		};
/* End XCBuildConfiguration section */

/* Begin XCConfigurationList section */
		603F156C220DF40700452948 /* Build configuration list for PBXProject "TrafficSegues" */ = {
			isa = XCConfigurationList;
			buildConfigurations = (
				603F1584220DF40B00452948 /* Debug */,
				603F1585220DF40B00452948 /* Release */,
			);
			defaultConfigurationIsVisible = 0;
			defaultConfigurationName = Release;
		};
		603F1586220DF40B00452948 /* Build configuration list for PBXNativeTarget "TrafficSegues" */ = {
			isa = XCConfigurationList;
			buildConfigurations = (
				603F1587220DF40B00452948 /* Debug */,
				603F1588220DF40B00452948 /* Release */,
			);
			defaultConfigurationIsVisible = 0;
			defaultConfigurationName = Release;
		};
/* End XCConfigurationList section */

/* Begin XCVersionGroup section */
		603F157B220DF40700452948 /* TrafficSegues.xcdatamodeld */ = {
			isa = XCVersionGroup;
			children = (
				603F157C220DF40700452948 /* TrafficSegues.xcdatamodel */,
			);
			currentVersion = 603F157C220DF40700452948 /* TrafficSegues.xcdatamodel */;
			path = TrafficSegues.xcdatamodeld;
			sourceTree = "<group>";
			versionGroupType = wrapper.xcdatamodel;
		};
/* End XCVersionGroup section */
	};
	rootObject = 603F1569220DF40700452948 /* Project object */;
}
